
Microsoft Visual Studio Solution File, Format Version 12.00
# Visual Studio Version 16
VisualStudioVersion = 16.0.31702.278
MinimumVisualStudioVersion = 10.0.40219.1
Project("{FAE04EC0-301F-11D3-BF4B-00C04F79EFBC}") = "Pi-Time-Track-Service", "Pi-Time-Track-Service\Pi-Time-Track-Service.csproj", "{AF20953A-CCC5-4EFC-930D-72ED51047CA6}"
EndProject
Global
	GlobalSection(SolutionConfigurationPlatforms) = preSolution
		Debug|Any CPU = Debug|Any CPU
		Release|Any CPU = Release|Any CPU
	EndGlobalSection
	GlobalSection(ProjectConfigurationPlatforms) = postSolution
		{AF20953A-CCC5-4EFC-930D-72ED51047CA6}.Debug|Any CPU.ActiveCfg = Debug|Any CPU
		{AF20953A-CCC5-4EFC-930D-72ED51047CA6}.Debug|Any CPU.Build.0 = Debug|Any CPU
		{AF20953A-CCC5-4EFC-930D-72ED51047CA6}.Release|Any CPU.ActiveCfg = Release|Any CPU
		{AF20953A-CCC5-4EFC-930D-72ED51047CA6}.Release|Any CPU.Build.0 = Release|Any CPU
	EndGlobalSection
	GlobalSection(SolutionProperties) = preSolution
		HideSolutionNode = FALSE
	EndGlobalSection
	GlobalSection(ExtensibilityGlobals) = postSolution
		SolutionGuid = {7E34F5C7-9EB7-4C47-9A7E-1714188221E1}
	EndGlobalSection
EndGlobal
